
Microsoft Visual Studio Solution File, Format Version 12.00
# Visual Studio Version 16
VisualStudioVersion = 16.0.29306.81
MinimumVisualStudioVersion = 10.0.40219.1
Project("{FAE04EC0-301F-11D3-BF4B-00C04F79EFBC}") = "Week5_EscapeRoom", "Week5_EscapeRoom\Week5_EscapeRoom.csproj", "{48D1AF1A-9322-4E5D-AEDC-05AF359420E5}"
EndProject
Global
	GlobalSection(SolutionConfigurationPlatforms) = preSolution
		Debug|Any CPU = Debug|Any CPU
		Release|Any CPU = Release|Any CPU
	EndGlobalSection
	GlobalSection(ProjectConfigurationPlatforms) = postSolution
		{48D1AF1A-9322-4E5D-AEDC-05AF359420E5}.Debug|Any CPU.ActiveCfg = Debug|Any CPU
		{48D1AF1A-9322-4E5D-AEDC-05AF359420E5}.Debug|Any CPU.Build.0 = Debug|Any CPU
		{48D1AF1A-9322-4E5D-AEDC-05AF359420E5}.Release|Any CPU.ActiveCfg = Release|Any CPU
		{48D1AF1A-9322-4E5D-AEDC-05AF359420E5}.Release|Any CPU.Build.0 = Release|Any CPU
	EndGlobalSection
	GlobalSection(SolutionProperties) = preSolution
		HideSolutionNode = FALSE
	EndGlobalSection
	GlobalSection(ExtensibilityGlobals) = postSolution
		SolutionGuid = {6536AD79-1E34-415C-882C-A394112CDCCD}
	EndGlobalSection
EndGlobal
