
Microsoft Visual Studio Solution File, Format Version 12.00
# Visual Studio Version 16
VisualStudioVersion = 16.0.29306.81
MinimumVisualStudioVersion = 10.0.40219.1
Project("{FAE04EC0-301F-11D3-BF4B-00C04F79EFBC}") = "Week05_ArraysPractice", "Week05_ArraysPractice\Week05_ArraysPractice.csproj", "{830082D6-0B94-4619-9863-209703A4E261}"
EndProject
Global
	GlobalSection(SolutionConfigurationPlatforms) = preSolution
		Debug|Any CPU = Debug|Any CPU
		Release|Any CPU = Release|Any CPU
	EndGlobalSection
	GlobalSection(ProjectConfigurationPlatforms) = postSolution
		{830082D6-0B94-4619-9863-209703A4E261}.Debug|Any CPU.ActiveCfg = Debug|Any CPU
		{830082D6-0B94-4619-9863-209703A4E261}.Debug|Any CPU.Build.0 = Debug|Any CPU
		{830082D6-0B94-4619-9863-209703A4E261}.Release|Any CPU.ActiveCfg = Release|Any CPU
		{830082D6-0B94-4619-9863-209703A4E261}.Release|Any CPU.Build.0 = Release|Any CPU
	EndGlobalSection
	GlobalSection(SolutionProperties) = preSolution
		HideSolutionNode = FALSE
	EndGlobalSection
	GlobalSection(ExtensibilityGlobals) = postSolution
		SolutionGuid = {108BB55B-21E9-4D3D-B69D-C9DB80218DB2}
	EndGlobalSection
EndGlobal
